PODS:
  - NJKWebViewProgress (0.2.3):
    - NJKWebViewProgress/Core (= 0.2.3)
    - NJKWebViewProgress/ProgressView (= 0.2.3)
  - NJKWebViewProgress/Core (0.2.3)
  - NJKWebViewProgress/ProgressView (0.2.3)
  - WebViewJavascriptBridge (6.0.0)

DEPENDENCIES:
  - NJKWebViewProgress
  - WebViewJavascriptBridge (~> 6.0.0)

SPEC CHECKSUMS:
  NJKWebViewProgress: f481fd424cb5ecc27eacae11b5397db92fba9a4d
  WebViewJavascriptBridge: 72392742054bf655504206b4b9574646cfe9b1e7

PODFILE CHECKSUM: e5ff1f9b2bc5b65c9342bd4d0433c0216336e207

COCOAPODS: 1.1.1
