PODS:
  - NJKWebViewProgress (0.2.3):
    - NJKWebViewProgress/Core (= 0.2.3)
    - NJKWebViewProgress/ProgressView (= 0.2.3)
  - NJKWebViewProgress/Core (0.2.3)
  - NJKWebViewProgress/ProgressView (0.2.3)
  - WebViewJavascriptBridge (6.0.2)

DEPENDENCIES:
  - NJKWebViewProgress
  - WebViewJavascriptBridge (~> 6.0.2)

SPEC CHECKSUMS:
  NJKWebViewProgress: f481fd424cb5ecc27eacae11b5397db92fba9a4d
  WebViewJavascriptBridge: 791ee0e26d1bf15efe5fb7fb9666a71a19b89d77

PODFILE CHECKSUM: 3d5afdb0c22bf5717ad6d90a3f62ea1f3bc12ab9

COCOAPODS: 1.1.1
