PODS:
  - WebViewJavascriptBridge (6.0.3)

DEPENDENCIES:
  - WebViewJavascriptBridge (~> 6.0.3)

SPEC REPOS:
  trunk:
    - WebViewJavascriptBridge

SPEC CHECKSUMS:
  WebViewJavascriptBridge: 7f5bc4d3581e672e8f32bd0f812d54bc69bb8e29

PODFILE CHECKSUM: a95349830079af69e63901df5ed3c1ec89b62dc6

COCOAPODS: 1.8.4
